<Solution>
  <Folder Name="/Projektmappenelemente/">
    <File Path="mp4-example-video-download-full-hd-1920x1080.1min.mp4" />
    <File Path="README.md" />
  </Folder>
  <Project Path="1. DecodingVideoExample/1. DecodingVideoExample.csproj" />
  <Project Path="2. DecodingAudioExample/2. DecodingAudioExample.csproj" />
  <Project Path="3. DecodingUnderTheHood/3. DecodingUnderTheHood.csproj" />
  <Project Path="4. Options/4. Options.csproj" Id="47c268ae-49ba-43f6-9320-9bf34cda953c" />
  <Project Path="5. Encoding/5. Encoding.csproj" Id="173cd1a4-493d-4707-97b2-78e01002810f" />
  <Project Path="6. EncodingUnderTheHood/6. EncodingUnderTheHood.csproj" Id="39fbdbe9-7995-446e-b26c-e111f219e351" />
  <Project Path="7. Filters/7. Filters.csproj" Id="de305589-8f84-4116-98d0-07e3f5b0e945" />
  <Project Path="8. FilterComplex/8. FilterComplex.csproj" Id="d38fff51-acc5-4697-96bf-164dff4584bb" />
  <Project Path="9. SimpleVideoPlayer/9. SimpleVideoPlayer.csproj" Id="9d822099-d484-47b6-9ee8-ca4687e0a6c6" />
</Solution>
